
Microsoft Visual Studio Solution File, Format Version 12.00
# Visual Studio 15
VisualStudioVersion = 15.0.27130.2026
MinimumVisualStudioVersion = 10.0.40219.1
Project("{FAE04EC0-301F-11D3-BF4B-00C04F79EFBC}") = "ConferenceFormSubmittal", "ConferenceFormSubmittal\ConferenceFormSubmittal.csproj", "{03B58664-4A90-4ACD-85CD-03AB453820D0}"
EndProject
Project("{FAE04EC0-301F-11D3-BF4B-00C04F79EFBC}") = "ConferenceFormSubmittal.Tests", "ConferenceFormSubmittal.Tests\ConferenceFormSubmittal.Tests.csproj", "{AB05BA15-0D14-4B79-874C-59EFC6743CFD}"
EndProject
Global
	GlobalSection(SolutionConfigurationPlatforms) = preSolution
		Debug|Any CPU = Debug|Any CPU
		Release|Any CPU = Release|Any CPU
	EndGlobalSection
	GlobalSection(ProjectConfigurationPlatforms) = postSolution
		{03B58664-4A90-4ACD-85CD-03AB453820D0}.Debug|Any CPU.ActiveCfg = Debug|Any CPU
		{03B58664-4A90-4ACD-85CD-03AB453820D0}.Debug|Any CPU.Build.0 = Debug|Any CPU
		{03B58664-4A90-4ACD-85CD-03AB453820D0}.Release|Any CPU.ActiveCfg = Release|Any CPU
		{03B58664-4A90-4ACD-85CD-03AB453820D0}.Release|Any CPU.Build.0 = Release|Any CPU
		{AB05BA15-0D14-4B79-874C-59EFC6743CFD}.Debug|Any CPU.ActiveCfg = Debug|Any CPU
		{AB05BA15-0D14-4B79-874C-59EFC6743CFD}.Debug|Any CPU.Build.0 = Debug|Any CPU
		{AB05BA15-0D14-4B79-874C-59EFC6743CFD}.Release|Any CPU.ActiveCfg = Release|Any CPU
		{AB05BA15-0D14-4B79-874C-59EFC6743CFD}.Release|Any CPU.Build.0 = Release|Any CPU
	EndGlobalSection
	GlobalSection(SolutionProperties) = preSolution
		HideSolutionNode = FALSE
	EndGlobalSection
	GlobalSection(ExtensibilityGlobals) = postSolution
		SolutionGuid = {B53EAB41-2393-4EB0-BE91-380EAE17BEFE}
	EndGlobalSection
EndGlobal
